Microsoft Visual Studio Solution File, Format Version 12.00
# Visual Studio Version 17
VisualStudioVersion = 17.5.2.0
MinimumVisualStudioVersion = 10.0.40219.1
Project("{2150E333-8FDC-42A3-9474-1A3956D46DE8}") = "services", "services", "{5854FF58-B8C5-05C6-5BF2-ACE42193F22B}"
EndProject
Project("{2150E333-8FDC-42A3-9474-1A3956D46DE8}") = "authentication-api", "authentication-api", "{272137ED-0AC8-C4EF-7A39-B0C243946D2B}"
EndProject
Project("{FAE04EC0-301F-11D3-BF4B-00C04F79EFBC}") = "src", "services\authentication-api\src\src.csproj", "{3BC67B19-A603-48B4-834F-5D4C49F5DF38}"
EndProject
Global
	GlobalSection(SolutionConfigurationPlatforms) = preSolution
		Debug|Any CPU = Debug|Any CPU
		Release|Any CPU = Release|Any CPU
	EndGlobalSection
	GlobalSection(ProjectConfigurationPlatforms) = postSolution
		{3BC67B19-A603-48B4-834F-5D4C49F5DF38}.Debug|Any CPU.ActiveCfg = Debug|Any CPU
		{3BC67B19-A603-48B4-834F-5D4C49F5DF38}.Debug|Any CPU.Build.0 = Debug|Any CPU
		{3BC67B19-A603-48B4-834F-5D4C49F5DF38}.Release|Any CPU.ActiveCfg = Release|Any CPU
		{3BC67B19-A603-48B4-834F-5D4C49F5DF38}.Release|Any CPU.Build.0 = Release|Any CPU
	EndGlobalSection
	GlobalSection(SolutionProperties) = preSolution
		HideSolutionNode = FALSE
	EndGlobalSection
	GlobalSection(NestedProjects) = preSolution
		{272137ED-0AC8-C4EF-7A39-B0C243946D2B} = {5854FF58-B8C5-05C6-5BF2-ACE42193F22B}
		{3BC67B19-A603-48B4-834F-5D4C49F5DF38} = {272137ED-0AC8-C4EF-7A39-B0C243946D2B}
	EndGlobalSection
	GlobalSection(ExtensibilityGlobals) = postSolution
		SolutionGuid = {1B9E9620-C558-4E84-9B51-BB326857B618}
	EndGlobalSection
EndGlobal
