Microsoft Visual Studio Solution File, Format Version 12.00
# Visual Studio Version 17
VisualStudioVersion = 17.5.2.0
MinimumVisualStudioVersion = 10.0.40219.1
Project("{2150E333-8FDC-42A3-9474-1A3956D46DE8}") = "services", "services", "{5854FF58-B8C5-05C6-5BF2-ACE42193F22B}"
EndProject
Project("{2150E333-8FDC-42A3-9474-1A3956D46DE8}") = "comments-api", "comments-api", "{52C8DDE1-AF2A-5A8B-2BDB-FE45854A2AA7}"
EndProject
Project("{FAE04EC0-301F-11D3-BF4B-00C04F79EFBC}") = "commentsapi", "services\comments-api\src\commentsapi.csproj", "{0DBF1679-B293-6233-54A0-EA11DA871D13}"
EndProject
Global
	GlobalSection(SolutionConfigurationPlatforms) = preSolution
		Debug|Any CPU = Debug|Any CPU
		Release|Any CPU = Release|Any CPU
	EndGlobalSection
	GlobalSection(ProjectConfigurationPlatforms) = postSolution
		{0DBF1679-B293-6233-54A0-EA11DA871D13}.Debug|Any CPU.ActiveCfg = Debug|Any CPU
		{0DBF1679-B293-6233-54A0-EA11DA871D13}.Debug|Any CPU.Build.0 = Debug|Any CPU
		{0DBF1679-B293-6233-54A0-EA11DA871D13}.Release|Any CPU.ActiveCfg = Release|Any CPU
		{0DBF1679-B293-6233-54A0-EA11DA871D13}.Release|Any CPU.Build.0 = Release|Any CPU
	EndGlobalSection
	GlobalSection(SolutionProperties) = preSolution
		HideSolutionNode = FALSE
	EndGlobalSection
	GlobalSection(NestedProjects) = preSolution
		{52C8DDE1-AF2A-5A8B-2BDB-FE45854A2AA7} = {5854FF58-B8C5-05C6-5BF2-ACE42193F22B}
		{0DBF1679-B293-6233-54A0-EA11DA871D13} = {52C8DDE1-AF2A-5A8B-2BDB-FE45854A2AA7}
	EndGlobalSection
	GlobalSection(ExtensibilityGlobals) = postSolution
		SolutionGuid = {D8BD2EC5-EB3F-4E98-8BED-D88F1F4A1AC1}
	EndGlobalSection
EndGlobal
